{
  "version": 4,
  "terraform_version": "1.14.1",
  "serial": 11,
  "lineage": "69154fe8-2b37-3ef9-2374-45ab30c89623",
  "outputs": {
    "public_ip": {
      "value": "20.126.3.81",
      "type": "string"
    }
  },
  "resources": [
    {
      "mode": "managed",
      "type": "azurerm_availability_set",
      "name": "avset",
      "provider": "provider[\"registry.terraform.io/hashicorp/azurerm\"]",
      "instances": [
        {
          "schema_version": 0,
          "attributes": {
            "id": "/subscriptions/0fadec41-9b39-430f-aa5d-ce7b49f9346c/resourceGroups/Azuredevops/providers/Microsoft.Compute/availabilitySets/udacity-avset",
            "location": "westeurope",
            "managed": true,
            "name": "udacity-avset",
            "platform_fault_domain_count": 2,
            "platform_update_domain_count": 2,
            "proximity_placement_group_id": null,
            "resource_group_name": "Azuredevops",
            "tags": {
              "project": "udacity"
            },
            "timeouts": null
          },
          "sensitive_attributes": [],
          "identity_schema_version": 0,
          "identity": {
            "name": "udacity-avset",
            "resource_group_name": "Azuredevops",
            "subscription_id": "0fadec41-9b39-430f-aa5d-ce7b49f9346c"
          },
          "private": "eyJlMmJmYjczMC1lY2FhLTExZTYtOGY4OC0zNDM2M2JjN2M0YzAiOnsiY3JlYXRlIjoxODAwMDAwMDAwMDAwLCJkZWxldGUiOjE4MDAwMDAwMDAwMDAsInJlYWQiOjMwMDAwMDAwMDAwMCwidXBkYXRlIjoxODAwMDAwMDAwMDAwfX0="
        }
      ]
    },
    {
      "mode": "managed",
      "type": "azurerm_lb",
      "name": "lb",
      "provider": "provider[\"registry.terraform.io/hashicorp/azurerm\"]",
      "instances": [
        {
          "schema_version": 0,
          "attributes": {
            "edge_zone": "",
            "frontend_ip_configuration": [
              {
                "gateway_load_balancer_frontend_ip_configuration_id": "",
                "id": "/subscriptions/0fadec41-9b39-430f-aa5d-ce7b49f9346c/resourceGroups/Azuredevops/providers/Microsoft.Network/loadBalancers/udacity-lb/frontendIPConfigurations/PublicIPAddress",
                "inbound_nat_rules": [],
                "load_balancer_rules": [],
                "name": "PublicIPAddress",
                "outbound_rules": [],
                "private_ip_address": "",
                "private_ip_address_allocation": "Dynamic",
                "private_ip_address_version": "",
                "public_ip_address_id": "/subscriptions/0fadec41-9b39-430f-aa5d-ce7b49f9346c/resourceGroups/Azuredevops/providers/Microsoft.Network/publicIPAddresses/udacity-public-ip",
                "public_ip_prefix_id": "",
                "subnet_id": "",
                "zones": null
              }
            ],
            "id": "/subscriptions/0fadec41-9b39-430f-aa5d-ce7b49f9346c/resourceGroups/Azuredevops/providers/Microsoft.Network/loadBalancers/udacity-lb",
            "location": "westeurope",
            "name": "udacity-lb",
            "private_ip_address": "",
            "private_ip_addresses": [],
            "public_ip_address_id": null,
            "resource_group_name": "Azuredevops",
            "sku": "Standard",
            "sku_tier": "Regional",
            "subnet_id": null,
            "tags": {
              "project": "udacity"
            },
            "timeouts": null
          },
          "sensitive_attributes": [],
          "identity_schema_version": 0,
          "private": "eyJlMmJmYjczMC1lY2FhLTExZTYtOGY4OC0zNDM2M2JjN2M0YzAiOnsiY3JlYXRlIjoxODAwMDAwMDAwMDAwLCJkZWxldGUiOjE4MDAwMDAwMDAwMDAsInJlYWQiOjMwMDAwMDAwMDAwMCwidXBkYXRlIjoxODAwMDAwMDAwMDAwfX0=",
          "dependencies": [
            "azurerm_public_ip.lb_ip"
          ]
        }
      ]
    },
    {
      "mode": "managed",
      "type": "azurerm_linux_virtual_machine",
      "name": "vm",
      "provider": "provider[\"registry.terraform.io/hashicorp/azurerm\"]",
      "instances": [
        {
          "index_key": 0,
          "schema_version": 0,
          "attributes": {
            "additional_capabilities": [],
            "admin_password": null,
            "admin_ssh_key": [
              {
                "public_key": "ssh-rsa AAAAB3NzaC1yc2EAAAADAQABAAACAQDsqEIKaNRh+7V6uoAoXeRHtVPakeVpFmV6UsC6UFq+awcpmz1i3MUQRIVToW6MOwD04pWNVHZdfpHRCPAwHEaT+FrCmXeXucGDrx/TUs1zP2+QxZIBXqB3usJO/Ty5YUCdhcxEyqAhwxG0EzcU1MrteuzwmjDiB6wNG1mMep4YQOO36EFH90rp4DDX0D3hn6NgzJjnlun3ag/DNDDrg7LV+QTfPxer1Lw68zLB866j56b+QgVGgMVGnfDxl8yCAeiTHLk7mRtdFGwvB8mS9HU3wKHGPh/128b5Tak4B3uXC1EjqcF0qeQ9t/V1jwr5lPuzZIobpQz3/e3VQHVOOUZAvxUofkvgcUj5Ds9DITXHxxu7AnZrMSTV5qomYhvbzgAa0IZwM5QtcsriKtJo7SEAUt+ZR1KuhcYtgTwig+AdH/R9FwTRaRzjsin2dHLqn1FFv0YSowY3VhAHVQOizXcVknqnLzMuRYnBEEBrwIx3VP4DNqBEijBkOJUVxEQmqyyD6nMWi9Tr0km2Wz2/fZrLJZPm6sHTxtO2GydPGKMrHSd/DdoKgKcanZrhmTsjwUAvN1t+5darLRNY2+srkVVC8e/AQZtfuXxNC5aAnlWbU0nrfnOxVgULCcFHiRE8AqZmJtsLCzdj2lFFK1vbqdKKcGVUdEOjWkuNrZaiF2kqlw== odl_user@SandboxHost-639087244896055526\n",
                "username": "azureuser"
              }
            ],
            "admin_username": "azureuser",
            "allow_extension_operations": true,
            "availability_set_id": "/subscriptions/0fadec41-9b39-430f-aa5d-ce7b49f9346c/resourceGroups/Azuredevops/providers/Microsoft.Compute/availabilitySets/UDACITY-AVSET",
            "boot_diagnostics": [],
            "bypass_platform_safety_checks_on_user_schedule_enabled": false,
            "capacity_reservation_group_id": "",
            "computer_name": "udacity-vm-0",
            "custom_data": null,
            "dedicated_host_group_id": "",
            "dedicated_host_id": "",
            "disable_password_authentication": true,
            "disk_controller_type": "",
            "edge_zone": "",
            "encryption_at_host_enabled": false,
            "eviction_policy": "",
            "extensions_time_budget": "PT1H30M",
            "gallery_application": [],
            "id": "/subscriptions/0fadec41-9b39-430f-aa5d-ce7b49f9346c/resourceGroups/Azuredevops/providers/Microsoft.Compute/virtualMachines/udacity-vm-0",
            "identity": [],
            "license_type": "",
            "location": "westeurope",
            "max_bid_price": -1,
            "name": "udacity-vm-0",
            "network_interface_ids": [
              "/subscriptions/0fadec41-9b39-430f-aa5d-ce7b49f9346c/resourceGroups/Azuredevops/providers/Microsoft.Network/networkInterfaces/udacity-nic-0"
            ],
            "os_disk": [
              {
                "caching": "ReadWrite",
                "diff_disk_settings": [],
                "disk_encryption_set_id": "",
                "disk_size_gb": 30,
                "id": "/subscriptions/0fadec41-9b39-430f-aa5d-ce7b49f9346c/resourceGroups/Azuredevops/providers/Microsoft.Compute/disks/udacity-vm-0_disk1_3e1d19cb93984a07a7f99862575a7196",
                "name": "udacity-vm-0_disk1_3e1d19cb93984a07a7f99862575a7196",
                "secure_vm_disk_encryption_set_id": "",
                "security_encryption_type": "",
                "storage_account_type": "Standard_LRS",
                "write_accelerator_enabled": false
              }
            ],
            "os_image_notification": [],
            "os_managed_disk_id": "/subscriptions/0fadec41-9b39-430f-aa5d-ce7b49f9346c/resourceGroups/Azuredevops/providers/Microsoft.Compute/disks/udacity-vm-0_disk1_3e1d19cb93984a07a7f99862575a7196",
            "patch_assessment_mode": "ImageDefault",
            "patch_mode": "ImageDefault",
            "plan": [],
            "platform_fault_domain": -1,
            "priority": "Regular",
            "private_ip_address": "10.0.1.4",
            "private_ip_addresses": [
              "10.0.1.4"
            ],
            "provision_vm_agent": true,
            "proximity_placement_group_id": "",
            "public_ip_address": "",
            "public_ip_addresses": [],
            "reboot_setting": "",
            "resource_group_name": "Azuredevops",
            "secret": [],
            "secure_boot_enabled": false,
            "size": "Standard_B1s",
            "source_image_id": "/subscriptions/0fadec41-9b39-430f-aa5d-ce7b49f9346c/resourceGroups/Azuredevops/providers/Microsoft.Compute/images/udacity-packer-image",
            "source_image_reference": [],
            "tags": {
              "project": "udacity"
            },
            "termination_notification": null,
            "timeouts": null,
            "user_data": "",
            "virtual_machine_id": "a128d5a3-e72d-4ee9-bd4f-e48d0ae99c90",
            "virtual_machine_scale_set_id": "",
            "vm_agent_platform_updates_enabled": false,
            "vtpm_enabled": false,
            "zone": ""
          },
          "sensitive_attributes": [
            [
              {
                "type": "get_attr",
                "value": "admin_password"
              }
            ],
            [
              {
                "type": "get_attr",
                "value": "custom_data"
              }
            ]
          ],
          "identity_schema_version": 0,
          "private": "eyJlMmJmYjczMC1lY2FhLTExZTYtOGY4OC0zNDM2M2JjN2M0YzAiOnsiY3JlYXRlIjoyNzAwMDAwMDAwMDAwLCJkZWxldGUiOjI3MDAwMDAwMDAwMDAsInJlYWQiOjMwMDAwMDAwMDAwMCwidXBkYXRlIjoyNzAwMDAwMDAwMDAwfX0=",
          "dependencies": [
            "azurerm_availability_set.avset",
            "azurerm_network_interface.nic",
            "azurerm_subnet.subnet",
            "azurerm_virtual_network.vnet"
          ]
        },
        {
          "index_key": 1,
          "schema_version": 0,
          "attributes": {
            "additional_capabilities": [],
            "admin_password": null,
            "admin_ssh_key": [
              {
                "public_key": "ssh-rsa AAAAB3NzaC1yc2EAAAADAQABAAACAQDsqEIKaNRh+7V6uoAoXeRHtVPakeVpFmV6UsC6UFq+awcpmz1i3MUQRIVToW6MOwD04pWNVHZdfpHRCPAwHEaT+FrCmXeXucGDrx/TUs1zP2+QxZIBXqB3usJO/Ty5YUCdhcxEyqAhwxG0EzcU1MrteuzwmjDiB6wNG1mMep4YQOO36EFH90rp4DDX0D3hn6NgzJjnlun3ag/DNDDrg7LV+QTfPxer1Lw68zLB866j56b+QgVGgMVGnfDxl8yCAeiTHLk7mRtdFGwvB8mS9HU3wKHGPh/128b5Tak4B3uXC1EjqcF0qeQ9t/V1jwr5lPuzZIobpQz3/e3VQHVOOUZAvxUofkvgcUj5Ds9DITXHxxu7AnZrMSTV5qomYhvbzgAa0IZwM5QtcsriKtJo7SEAUt+ZR1KuhcYtgTwig+AdH/R9FwTRaRzjsin2dHLqn1FFv0YSowY3VhAHVQOizXcVknqnLzMuRYnBEEBrwIx3VP4DNqBEijBkOJUVxEQmqyyD6nMWi9Tr0km2Wz2/fZrLJZPm6sHTxtO2GydPGKMrHSd/DdoKgKcanZrhmTsjwUAvN1t+5darLRNY2+srkVVC8e/AQZtfuXxNC5aAnlWbU0nrfnOxVgULCcFHiRE8AqZmJtsLCzdj2lFFK1vbqdKKcGVUdEOjWkuNrZaiF2kqlw== odl_user@SandboxHost-639087244896055526\n",
                "username": "azureuser"
              }
            ],
            "admin_username": "azureuser",
            "allow_extension_operations": true,
            "availability_set_id": "/subscriptions/0fadec41-9b39-430f-aa5d-ce7b49f9346c/resourceGroups/Azuredevops/providers/Microsoft.Compute/availabilitySets/UDACITY-AVSET",
            "boot_diagnostics": [],
            "bypass_platform_safety_checks_on_user_schedule_enabled": false,
            "capacity_reservation_group_id": "",
            "computer_name": "udacity-vm-1",
            "custom_data": null,
            "dedicated_host_group_id": "",
            "dedicated_host_id": "",
            "disable_password_authentication": true,
            "disk_controller_type": "",
            "edge_zone": "",
            "encryption_at_host_enabled": false,
            "eviction_policy": "",
            "extensions_time_budget": "PT1H30M",
            "gallery_application": [],
            "id": "/subscriptions/0fadec41-9b39-430f-aa5d-ce7b49f9346c/resourceGroups/Azuredevops/providers/Microsoft.Compute/virtualMachines/udacity-vm-1",
            "identity": [],
            "license_type": "",
            "location": "westeurope",
            "max_bid_price": -1,
            "name": "udacity-vm-1",
            "network_interface_ids": [
              "/subscriptions/0fadec41-9b39-430f-aa5d-ce7b49f9346c/resourceGroups/Azuredevops/providers/Microsoft.Network/networkInterfaces/udacity-nic-1"
            ],
            "os_disk": [
              {
                "caching": "ReadWrite",
                "diff_disk_settings": [],
                "disk_encryption_set_id": "",
                "disk_size_gb": 30,
                "id": "/subscriptions/0fadec41-9b39-430f-aa5d-ce7b49f9346c/resourceGroups/Azuredevops/providers/Microsoft.Compute/disks/udacity-vm-1_disk1_8f4ba94d5d2849189d24dcb391a3d097",
                "name": "udacity-vm-1_disk1_8f4ba94d5d2849189d24dcb391a3d097",
                "secure_vm_disk_encryption_set_id": "",
                "security_encryption_type": "",
                "storage_account_type": "Standard_LRS",
                "write_accelerator_enabled": false
              }
            ],
            "os_image_notification": [],
            "os_managed_disk_id": "/subscriptions/0fadec41-9b39-430f-aa5d-ce7b49f9346c/resourceGroups/Azuredevops/providers/Microsoft.Compute/disks/udacity-vm-1_disk1_8f4ba94d5d2849189d24dcb391a3d097",
            "patch_assessment_mode": "ImageDefault",
            "patch_mode": "ImageDefault",
            "plan": [],
            "platform_fault_domain": -1,
            "priority": "Regular",
            "private_ip_address": "10.0.1.5",
            "private_ip_addresses": [
              "10.0.1.5"
            ],
            "provision_vm_agent": true,
            "proximity_placement_group_id": "",
            "public_ip_address": "",
            "public_ip_addresses": [],
            "reboot_setting": "",
            "resource_group_name": "Azuredevops",
            "secret": [],
            "secure_boot_enabled": false,
            "size": "Standard_B1s",
            "source_image_id": "/subscriptions/0fadec41-9b39-430f-aa5d-ce7b49f9346c/resourceGroups/Azuredevops/providers/Microsoft.Compute/images/udacity-packer-image",
            "source_image_reference": [],
            "tags": {
              "project": "udacity"
            },
            "termination_notification": null,
            "timeouts": null,
            "user_data": "",
            "virtual_machine_id": "55e24060-86ee-490f-b727-624947063d36",
            "virtual_machine_scale_set_id": "",
            "vm_agent_platform_updates_enabled": false,
            "vtpm_enabled": false,
            "zone": ""
          },
          "sensitive_attributes": [
            [
              {
                "type": "get_attr",
                "value": "admin_password"
              }
            ],
            [
              {
                "type": "get_attr",
                "value": "custom_data"
              }
            ]
          ],
          "identity_schema_version": 0,
          "private": "eyJlMmJmYjczMC1lY2FhLTExZTYtOGY4OC0zNDM2M2JjN2M0YzAiOnsiY3JlYXRlIjoyNzAwMDAwMDAwMDAwLCJkZWxldGUiOjI3MDAwMDAwMDAwMDAsInJlYWQiOjMwMDAwMDAwMDAwMCwidXBkYXRlIjoyNzAwMDAwMDAwMDAwfX0=",
          "dependencies": [
            "azurerm_availability_set.avset",
            "azurerm_network_interface.nic",
            "azurerm_subnet.subnet",
            "azurerm_virtual_network.vnet"
          ]
        }
      ]
    },
    {
      "mode": "managed",
      "type": "azurerm_network_interface",
      "name": "nic",
      "provider": "provider[\"registry.terraform.io/hashicorp/azurerm\"]",
      "instances": [
        {
          "index_key": 0,
          "schema_version": 0,
          "attributes": {
            "accelerated_networking_enabled": false,
            "applied_dns_servers": [],
            "auxiliary_mode": "",
            "auxiliary_sku": "",
            "dns_servers": null,
            "edge_zone": "",
            "id": "/subscriptions/0fadec41-9b39-430f-aa5d-ce7b49f9346c/resourceGroups/Azuredevops/providers/Microsoft.Network/networkInterfaces/udacity-nic-0",
            "internal_dns_name_label": "",
            "internal_domain_name_suffix": "gs5teqivzueuhbwk4zcm0kcpyc.ax.internal.cloudapp.net",
            "ip_configuration": [
              {
                "gateway_load_balancer_frontend_ip_configuration_id": "",
                "name": "internal",
                "primary": true,
                "private_ip_address": "10.0.1.4",
                "private_ip_address_allocation": "Dynamic",
                "private_ip_address_version": "IPv4",
                "public_ip_address_id": "",
                "subnet_id": "/subscriptions/0fadec41-9b39-430f-aa5d-ce7b49f9346c/resourceGroups/Azuredevops/providers/Microsoft.Network/virtualNetworks/udacity-vnet/subnets/udacity-subnet"
              }
            ],
            "ip_forwarding_enabled": false,
            "location": "westeurope",
            "mac_address": "",
            "name": "udacity-nic-0",
            "private_ip_address": "10.0.1.4",
            "private_ip_addresses": [
              "10.0.1.4"
            ],
            "resource_group_name": "Azuredevops",
            "tags": {
              "project": "udacity"
            },
            "timeouts": null,
            "virtual_machine_id": ""
          },
          "sensitive_attributes": [],
          "identity_schema_version": 0,
          "identity": {
            "name": "udacity-nic-0",
            "resource_group_name": "Azuredevops",
            "subscription_id": "0fadec41-9b39-430f-aa5d-ce7b49f9346c"
          },
          "private": "eyJlMmJmYjczMC1lY2FhLTExZTYtOGY4OC0zNDM2M2JjN2M0YzAiOnsiY3JlYXRlIjoxODAwMDAwMDAwMDAwLCJkZWxldGUiOjE4MDAwMDAwMDAwMDAsInJlYWQiOjMwMDAwMDAwMDAwMCwidXBkYXRlIjoxODAwMDAwMDAwMDAwfX0=",
          "dependencies": [
            "azurerm_subnet.subnet",
            "azurerm_virtual_network.vnet"
          ]
        },
        {
          "index_key": 1,
          "schema_version": 0,
          "attributes": {
            "accelerated_networking_enabled": false,
            "applied_dns_servers": [],
            "auxiliary_mode": "",
            "auxiliary_sku": "",
            "dns_servers": null,
            "edge_zone": "",
            "id": "/subscriptions/0fadec41-9b39-430f-aa5d-ce7b49f9346c/resourceGroups/Azuredevops/providers/Microsoft.Network/networkInterfaces/udacity-nic-1",
            "internal_dns_name_label": "",
            "internal_domain_name_suffix": "gs5teqivzueuhbwk4zcm0kcpyc.ax.internal.cloudapp.net",
            "ip_configuration": [
              {
                "gateway_load_balancer_frontend_ip_configuration_id": "",
                "name": "internal",
                "primary": true,
                "private_ip_address": "10.0.1.5",
                "private_ip_address_allocation": "Dynamic",
                "private_ip_address_version": "IPv4",
                "public_ip_address_id": "",
                "subnet_id": "/subscriptions/0fadec41-9b39-430f-aa5d-ce7b49f9346c/resourceGroups/Azuredevops/providers/Microsoft.Network/virtualNetworks/udacity-vnet/subnets/udacity-subnet"
              }
            ],
            "ip_forwarding_enabled": false,
            "location": "westeurope",
            "mac_address": "",
            "name": "udacity-nic-1",
            "private_ip_address": "10.0.1.5",
            "private_ip_addresses": [
              "10.0.1.5"
            ],
            "resource_group_name": "Azuredevops",
            "tags": {
              "project": "udacity"
            },
            "timeouts": null,
            "virtual_machine_id": ""
          },
          "sensitive_attributes": [],
          "identity_schema_version": 0,
          "identity": {
            "name": "udacity-nic-1",
            "resource_group_name": "Azuredevops",
            "subscription_id": "0fadec41-9b39-430f-aa5d-ce7b49f9346c"
          },
          "private": "eyJlMmJmYjczMC1lY2FhLTExZTYtOGY4OC0zNDM2M2JjN2M0YzAiOnsiY3JlYXRlIjoxODAwMDAwMDAwMDAwLCJkZWxldGUiOjE4MDAwMDAwMDAwMDAsInJlYWQiOjMwMDAwMDAwMDAwMCwidXBkYXRlIjoxODAwMDAwMDAwMDAwfX0=",
          "dependencies": [
            "azurerm_subnet.subnet",
            "azurerm_virtual_network.vnet"
          ]
        }
      ]
    },
    {
      "mode": "managed",
      "type": "azurerm_network_security_group",
      "name": "nsg",
      "provider": "provider[\"registry.terraform.io/hashicorp/azurerm\"]",
      "instances": [
        {
          "schema_version": 0,
          "attributes": {
            "id": "/subscriptions/0fadec41-9b39-430f-aa5d-ce7b49f9346c/resourceGroups/Azuredevops/providers/Microsoft.Network/networkSecurityGroups/udacity-nsg",
            "location": "westeurope",
            "name": "udacity-nsg",
            "resource_group_name": "Azuredevops",
            "security_rule": [],
            "tags": {
              "project": "udacity"
            },
            "timeouts": null
          },
          "sensitive_attributes": [],
          "identity_schema_version": 0,
          "identity": {
            "name": "udacity-nsg",
            "resource_group_name": "Azuredevops",
            "subscription_id": "0fadec41-9b39-430f-aa5d-ce7b49f9346c"
          },
          "private": "eyJlMmJmYjczMC1lY2FhLTExZTYtOGY4OC0zNDM2M2JjN2M0YzAiOnsiY3JlYXRlIjoxODAwMDAwMDAwMDAwLCJkZWxldGUiOjE4MDAwMDAwMDAwMDAsInJlYWQiOjMwMDAwMDAwMDAwMCwidXBkYXRlIjoxODAwMDAwMDAwMDAwfX0="
        }
      ]
    },
    {
      "mode": "managed",
      "type": "azurerm_public_ip",
      "name": "lb_ip",
      "provider": "provider[\"registry.terraform.io/hashicorp/azurerm\"]",
      "instances": [
        {
          "schema_version": 0,
          "attributes": {
            "allocation_method": "Static",
            "ddos_protection_mode": "VirtualNetworkInherited",
            "ddos_protection_plan_id": null,
            "domain_name_label": null,
            "domain_name_label_scope": null,
            "edge_zone": "",
            "fqdn": null,
            "id": "/subscriptions/0fadec41-9b39-430f-aa5d-ce7b49f9346c/resourceGroups/Azuredevops/providers/Microsoft.Network/publicIPAddresses/udacity-public-ip",
            "idle_timeout_in_minutes": 4,
            "ip_address": "20.126.3.81",
            "ip_tags": null,
            "ip_version": "IPv4",
            "location": "westeurope",
            "name": "udacity-public-ip",
            "public_ip_prefix_id": null,
            "resource_group_name": "Azuredevops",
            "reverse_fqdn": null,
            "sku": "Standard",
            "sku_tier": "Regional",
            "tags": {
              "project": "udacity"
            },
            "timeouts": null,
            "zones": null
          },
          "sensitive_attributes": [],
          "identity_schema_version": 0,
          "identity": {
            "name": "udacity-public-ip",
            "resource_group_name": "Azuredevops",
            "subscription_id": "0fadec41-9b39-430f-aa5d-ce7b49f9346c"
          },
          "private": "eyJlMmJmYjczMC1lY2FhLTExZTYtOGY4OC0zNDM2M2JjN2M0YzAiOnsiY3JlYXRlIjoxODAwMDAwMDAwMDAwLCJkZWxldGUiOjE4MDAwMDAwMDAwMDAsInJlYWQiOjMwMDAwMDAwMDAwMCwidXBkYXRlIjoxODAwMDAwMDAwMDAwfX0="
        }
      ]
    },
    {
      "mode": "managed",
      "type": "azurerm_subnet",
      "name": "subnet",
      "provider": "provider[\"registry.terraform.io/hashicorp/azurerm\"]",
      "instances": [
        {
          "schema_version": 0,
          "attributes": {
            "address_prefixes": [
              "10.0.1.0/24"
            ],
            "default_outbound_access_enabled": true,
            "delegation": [],
            "id": "/subscriptions/0fadec41-9b39-430f-aa5d-ce7b49f9346c/resourceGroups/Azuredevops/providers/Microsoft.Network/virtualNetworks/udacity-vnet/subnets/udacity-subnet",
            "ip_address_pool": [],
            "name": "udacity-subnet",
            "private_endpoint_network_policies": "Disabled",
            "private_link_service_network_policies_enabled": true,
            "resource_group_name": "Azuredevops",
            "service_endpoint_policy_ids": null,
            "service_endpoints": null,
            "sharing_scope": "",
            "timeouts": null,
            "virtual_network_name": "udacity-vnet"
          },
          "sensitive_attributes": [],
          "identity_schema_version": 0,
          "identity": {
            "name": "udacity-subnet",
            "resource_group_name": "Azuredevops",
            "subscription_id": "0fadec41-9b39-430f-aa5d-ce7b49f9346c",
            "virtual_network_name": "udacity-vnet"
          },
          "private": "eyJlMmJmYjczMC1lY2FhLTExZTYtOGY4OC0zNDM2M2JjN2M0YzAiOnsiY3JlYXRlIjoxODAwMDAwMDAwMDAwLCJkZWxldGUiOjE4MDAwMDAwMDAwMDAsInJlYWQiOjMwMDAwMDAwMDAwMCwidXBkYXRlIjoxODAwMDAwMDAwMDAwfX0=",
          "dependencies": [
            "azurerm_virtual_network.vnet"
          ]
        }
      ]
    },
    {
      "mode": "managed",
      "type": "azurerm_virtual_network",
      "name": "vnet",
      "provider": "provider[\"registry.terraform.io/hashicorp/azurerm\"]",
      "instances": [
        {
          "schema_version": 0,
          "attributes": {
            "address_space": [
              "10.0.0.0/16"
            ],
            "bgp_community": "",
            "ddos_protection_plan": [],
            "dns_servers": [],
            "edge_zone": "",
            "encryption": [],
            "flow_timeout_in_minutes": 0,
            "guid": "4132bf34-cd15-4309-86ca-f644cd284fc2",
            "id": "/subscriptions/0fadec41-9b39-430f-aa5d-ce7b49f9346c/resourceGroups/Azuredevops/providers/Microsoft.Network/virtualNetworks/udacity-vnet",
            "ip_address_pool": [],
            "location": "westeurope",
            "name": "udacity-vnet",
            "private_endpoint_vnet_policies": "Disabled",
            "resource_group_name": "Azuredevops",
            "subnet": [],
            "tags": {
              "project": "udacity"
            },
            "timeouts": null
          },
          "sensitive_attributes": [],
          "identity_schema_version": 0,
          "identity": {
            "name": "udacity-vnet",
            "resource_group_name": "Azuredevops",
            "subscription_id": "0fadec41-9b39-430f-aa5d-ce7b49f9346c"
          },
          "private": "eyJlMmJmYjczMC1lY2FhLTExZTYtOGY4OC0zNDM2M2JjN2M0YzAiOnsiY3JlYXRlIjoxODAwMDAwMDAwMDAwLCJkZWxldGUiOjE4MDAwMDAwMDAwMDAsInJlYWQiOjMwMDAwMDAwMDAwMCwidXBkYXRlIjoxODAwMDAwMDAwMDAwfX0="
        }
      ]
    }
  ],
  "check_results": null
}
